
Microsoft Visual Studio Solution File, Format Version 12.00
# Visual Studio Version 17
VisualStudioVersion = 17.14.36310.24
MinimumVisualStudioVersion = 10.0.40219.1
Project("{8BC9CEB8-8B4A-11D0-8D11-00A0C91BC942}") = "WindowBase", "WindowBase\WindowBase.vcxproj", "{252C32D2-E5E6-45D2-994C-43E7F138156B}"
EndProject
Project("{8BC9CEB8-8B4A-11D0-8D11-00A0C91BC942}") = "WindowBase_Shared", "WindowBase_Shared\WindowBase_Shared.vcxitems", "{2C51AA12-BFC6-40C6-88C3-5C882F3F7590}"
EndProject
Project("{8BC9CEB8-8B4A-11D0-8D11-00A0C91BC942}") = "libWindowBase", "libWindowBase\libWindowBase.vcxproj", "{2A25E347-49BE-4FEE-AE12-EB0FC43E2994}"
EndProject
Project("{8BC9CEB8-8B4A-11D0-8D11-00A0C91BC942}") = "libWindowBase-md", "libWindowBase-md\libWindowBase-md.vcxproj", "{0DFC14E0-7F44-4728-833E-AC0FB4A8D885}"
EndProject
Global
	GlobalSection(SolutionConfigurationPlatforms) = preSolution
		Debug|ARM64 = Debug|ARM64
		Debug|ARM64EC = Debug|ARM64EC
		Debug|x64 = Debug|x64
		Debug|x86 = Debug|x86
		DebugX|ARM64 = DebugX|ARM64
		DebugX|ARM64EC = DebugX|ARM64EC
		DebugX|x64 = DebugX|x64
		DebugX|x86 = DebugX|x86
		Release|ARM64 = Release|ARM64
		Release|ARM64EC = Release|ARM64EC
		Release|x64 = Release|x64
		Release|x86 = Release|x86
		ReleaseX|ARM64 = ReleaseX|ARM64
		ReleaseX|ARM64EC = ReleaseX|ARM64EC
		ReleaseX|x64 = ReleaseX|x64
		ReleaseX|x86 = ReleaseX|x86
	EndGlobalSection
	GlobalSection(ProjectConfigurationPlatforms) = postSolution
		{252C32D2-E5E6-45D2-994C-43E7F138156B}.Debug|ARM64.ActiveCfg = Debug|ARM64
		{252C32D2-E5E6-45D2-994C-43E7F138156B}.Debug|ARM64.Build.0 = Debug|ARM64
		{252C32D2-E5E6-45D2-994C-43E7F138156B}.Debug|ARM64EC.ActiveCfg = Debug|ARM64EC
		{252C32D2-E5E6-45D2-994C-43E7F138156B}.Debug|ARM64EC.Build.0 = Debug|ARM64EC
		{252C32D2-E5E6-45D2-994C-43E7F138156B}.Debug|x64.ActiveCfg = Debug|x64
		{252C32D2-E5E6-45D2-994C-43E7F138156B}.Debug|x64.Build.0 = Debug|x64
		{252C32D2-E5E6-45D2-994C-43E7F138156B}.Debug|x86.ActiveCfg = Debug|Win32
		{252C32D2-E5E6-45D2-994C-43E7F138156B}.Debug|x86.Build.0 = Debug|Win32
		{252C32D2-E5E6-45D2-994C-43E7F138156B}.DebugX|ARM64.ActiveCfg = DebugX|ARM64
		{252C32D2-E5E6-45D2-994C-43E7F138156B}.DebugX|ARM64.Build.0 = DebugX|ARM64
		{252C32D2-E5E6-45D2-994C-43E7F138156B}.DebugX|ARM64EC.ActiveCfg = DebugX|ARM64EC
		{252C32D2-E5E6-45D2-994C-43E7F138156B}.DebugX|ARM64EC.Build.0 = DebugX|ARM64EC
		{252C32D2-E5E6-45D2-994C-43E7F138156B}.DebugX|x64.ActiveCfg = Debug|x64
		{252C32D2-E5E6-45D2-994C-43E7F138156B}.DebugX|x64.Build.0 = Debug|x64
		{252C32D2-E5E6-45D2-994C-43E7F138156B}.DebugX|x86.ActiveCfg = Debug|Win32
		{252C32D2-E5E6-45D2-994C-43E7F138156B}.DebugX|x86.Build.0 = Debug|Win32
		{252C32D2-E5E6-45D2-994C-43E7F138156B}.Release|ARM64.ActiveCfg = Release|ARM64
		{252C32D2-E5E6-45D2-994C-43E7F138156B}.Release|ARM64.Build.0 = Release|ARM64
		{252C32D2-E5E6-45D2-994C-43E7F138156B}.Release|ARM64EC.ActiveCfg = Release|ARM64EC
		{252C32D2-E5E6-45D2-994C-43E7F138156B}.Release|ARM64EC.Build.0 = Release|ARM64EC
		{252C32D2-E5E6-45D2-994C-43E7F138156B}.Release|x64.ActiveCfg = Release|x64
		{252C32D2-E5E6-45D2-994C-43E7F138156B}.Release|x64.Build.0 = Release|x64
		{252C32D2-E5E6-45D2-994C-43E7F138156B}.Release|x86.ActiveCfg = Release|Win32
		{252C32D2-E5E6-45D2-994C-43E7F138156B}.Release|x86.Build.0 = Release|Win32
		{252C32D2-E5E6-45D2-994C-43E7F138156B}.ReleaseX|ARM64.ActiveCfg = ReleaseX|ARM64
		{252C32D2-E5E6-45D2-994C-43E7F138156B}.ReleaseX|ARM64.Build.0 = ReleaseX|ARM64
		{252C32D2-E5E6-45D2-994C-43E7F138156B}.ReleaseX|ARM64EC.ActiveCfg = ReleaseX|ARM64EC
		{252C32D2-E5E6-45D2-994C-43E7F138156B}.ReleaseX|ARM64EC.Build.0 = ReleaseX|ARM64EC
		{252C32D2-E5E6-45D2-994C-43E7F138156B}.ReleaseX|x64.ActiveCfg = Release|x64
		{252C32D2-E5E6-45D2-994C-43E7F138156B}.ReleaseX|x64.Build.0 = Release|x64
		{252C32D2-E5E6-45D2-994C-43E7F138156B}.ReleaseX|x86.ActiveCfg = Release|Win32
		{252C32D2-E5E6-45D2-994C-43E7F138156B}.ReleaseX|x86.Build.0 = Release|Win32
		{2A25E347-49BE-4FEE-AE12-EB0FC43E2994}.Debug|ARM64.ActiveCfg = Debug|ARM64
		{2A25E347-49BE-4FEE-AE12-EB0FC43E2994}.Debug|ARM64.Build.0 = Debug|ARM64
		{2A25E347-49BE-4FEE-AE12-EB0FC43E2994}.Debug|ARM64EC.ActiveCfg = Debug|ARM64EC
		{2A25E347-49BE-4FEE-AE12-EB0FC43E2994}.Debug|ARM64EC.Build.0 = Debug|ARM64EC
		{2A25E347-49BE-4FEE-AE12-EB0FC43E2994}.Debug|x64.ActiveCfg = Debug|x64
		{2A25E347-49BE-4FEE-AE12-EB0FC43E2994}.Debug|x64.Build.0 = Debug|x64
		{2A25E347-49BE-4FEE-AE12-EB0FC43E2994}.Debug|x86.ActiveCfg = Debug|Win32
		{2A25E347-49BE-4FEE-AE12-EB0FC43E2994}.Debug|x86.Build.0 = Debug|Win32
		{2A25E347-49BE-4FEE-AE12-EB0FC43E2994}.DebugX|ARM64.ActiveCfg = DebugX|ARM64
		{2A25E347-49BE-4FEE-AE12-EB0FC43E2994}.DebugX|ARM64.Build.0 = DebugX|ARM64
		{2A25E347-49BE-4FEE-AE12-EB0FC43E2994}.DebugX|ARM64EC.ActiveCfg = DebugX|ARM64EC
		{2A25E347-49BE-4FEE-AE12-EB0FC43E2994}.DebugX|ARM64EC.Build.0 = DebugX|ARM64EC
		{2A25E347-49BE-4FEE-AE12-EB0FC43E2994}.DebugX|x64.ActiveCfg = Debug|x64
		{2A25E347-49BE-4FEE-AE12-EB0FC43E2994}.DebugX|x64.Build.0 = Debug|x64
		{2A25E347-49BE-4FEE-AE12-EB0FC43E2994}.DebugX|x86.ActiveCfg = Debug|Win32
		{2A25E347-49BE-4FEE-AE12-EB0FC43E2994}.DebugX|x86.Build.0 = Debug|Win32
		{2A25E347-49BE-4FEE-AE12-EB0FC43E2994}.Release|ARM64.ActiveCfg = Release|ARM64
		{2A25E347-49BE-4FEE-AE12-EB0FC43E2994}.Release|ARM64.Build.0 = Release|ARM64
		{2A25E347-49BE-4FEE-AE12-EB0FC43E2994}.Release|ARM64EC.ActiveCfg = Release|ARM64EC
		{2A25E347-49BE-4FEE-AE12-EB0FC43E2994}.Release|ARM64EC.Build.0 = Release|ARM64EC
		{2A25E347-49BE-4FEE-AE12-EB0FC43E2994}.Release|x64.ActiveCfg = Release|x64
		{2A25E347-49BE-4FEE-AE12-EB0FC43E2994}.Release|x64.Build.0 = Release|x64
		{2A25E347-49BE-4FEE-AE12-EB0FC43E2994}.Release|x86.ActiveCfg = Release|Win32
		{2A25E347-49BE-4FEE-AE12-EB0FC43E2994}.Release|x86.Build.0 = Release|Win32
		{2A25E347-49BE-4FEE-AE12-EB0FC43E2994}.ReleaseX|ARM64.ActiveCfg = ReleaseX|ARM64
		{2A25E347-49BE-4FEE-AE12-EB0FC43E2994}.ReleaseX|ARM64.Build.0 = ReleaseX|ARM64
		{2A25E347-49BE-4FEE-AE12-EB0FC43E2994}.ReleaseX|ARM64EC.ActiveCfg = ReleaseX|ARM64EC
		{2A25E347-49BE-4FEE-AE12-EB0FC43E2994}.ReleaseX|ARM64EC.Build.0 = ReleaseX|ARM64EC
		{2A25E347-49BE-4FEE-AE12-EB0FC43E2994}.ReleaseX|x64.ActiveCfg = Release|x64
		{2A25E347-49BE-4FEE-AE12-EB0FC43E2994}.ReleaseX|x64.Build.0 = Release|x64
		{2A25E347-49BE-4FEE-AE12-EB0FC43E2994}.ReleaseX|x86.ActiveCfg = Release|Win32
		{2A25E347-49BE-4FEE-AE12-EB0FC43E2994}.ReleaseX|x86.Build.0 = Release|Win32
		{0DFC14E0-7F44-4728-833E-AC0FB4A8D885}.Debug|ARM64.ActiveCfg = Debug|ARM64
		{0DFC14E0-7F44-4728-833E-AC0FB4A8D885}.Debug|ARM64.Build.0 = Debug|ARM64
		{0DFC14E0-7F44-4728-833E-AC0FB4A8D885}.Debug|ARM64EC.ActiveCfg = Debug|ARM64EC
		{0DFC14E0-7F44-4728-833E-AC0FB4A8D885}.Debug|ARM64EC.Build.0 = Debug|ARM64EC
		{0DFC14E0-7F44-4728-833E-AC0FB4A8D885}.Debug|x64.ActiveCfg = Debug|x64
		{0DFC14E0-7F44-4728-833E-AC0FB4A8D885}.Debug|x64.Build.0 = Debug|x64
		{0DFC14E0-7F44-4728-833E-AC0FB4A8D885}.Debug|x86.ActiveCfg = Debug|Win32
		{0DFC14E0-7F44-4728-833E-AC0FB4A8D885}.Debug|x86.Build.0 = Debug|Win32
		{0DFC14E0-7F44-4728-833E-AC0FB4A8D885}.DebugX|ARM64.ActiveCfg = DebugX|ARM64
		{0DFC14E0-7F44-4728-833E-AC0FB4A8D885}.DebugX|ARM64.Build.0 = DebugX|ARM64
		{0DFC14E0-7F44-4728-833E-AC0FB4A8D885}.DebugX|ARM64EC.ActiveCfg = DebugX|ARM64EC
		{0DFC14E0-7F44-4728-833E-AC0FB4A8D885}.DebugX|ARM64EC.Build.0 = DebugX|ARM64EC
		{0DFC14E0-7F44-4728-833E-AC0FB4A8D885}.DebugX|x64.ActiveCfg = Debug|x64
		{0DFC14E0-7F44-4728-833E-AC0FB4A8D885}.DebugX|x64.Build.0 = Debug|x64
		{0DFC14E0-7F44-4728-833E-AC0FB4A8D885}.DebugX|x86.ActiveCfg = Debug|Win32
		{0DFC14E0-7F44-4728-833E-AC0FB4A8D885}.DebugX|x86.Build.0 = Debug|Win32
		{0DFC14E0-7F44-4728-833E-AC0FB4A8D885}.Release|ARM64.ActiveCfg = Release|ARM64
		{0DFC14E0-7F44-4728-833E-AC0FB4A8D885}.Release|ARM64.Build.0 = Release|ARM64
		{0DFC14E0-7F44-4728-833E-AC0FB4A8D885}.Release|ARM64EC.ActiveCfg = Release|ARM64EC
		{0DFC14E0-7F44-4728-833E-AC0FB4A8D885}.Release|ARM64EC.Build.0 = Release|ARM64EC
		{0DFC14E0-7F44-4728-833E-AC0FB4A8D885}.Release|x64.ActiveCfg = Release|x64
		{0DFC14E0-7F44-4728-833E-AC0FB4A8D885}.Release|x64.Build.0 = Release|x64
		{0DFC14E0-7F44-4728-833E-AC0FB4A8D885}.Release|x86.ActiveCfg = Release|Win32
		{0DFC14E0-7F44-4728-833E-AC0FB4A8D885}.Release|x86.Build.0 = Release|Win32
		{0DFC14E0-7F44-4728-833E-AC0FB4A8D885}.ReleaseX|ARM64.ActiveCfg = ReleaseX|ARM64
		{0DFC14E0-7F44-4728-833E-AC0FB4A8D885}.ReleaseX|ARM64.Build.0 = ReleaseX|ARM64
		{0DFC14E0-7F44-4728-833E-AC0FB4A8D885}.ReleaseX|ARM64EC.ActiveCfg = ReleaseX|ARM64EC
		{0DFC14E0-7F44-4728-833E-AC0FB4A8D885}.ReleaseX|ARM64EC.Build.0 = ReleaseX|ARM64EC
		{0DFC14E0-7F44-4728-833E-AC0FB4A8D885}.ReleaseX|x64.ActiveCfg = Release|x64
		{0DFC14E0-7F44-4728-833E-AC0FB4A8D885}.ReleaseX|x64.Build.0 = Release|x64
		{0DFC14E0-7F44-4728-833E-AC0FB4A8D885}.ReleaseX|x86.ActiveCfg = Release|Win32
		{0DFC14E0-7F44-4728-833E-AC0FB4A8D885}.ReleaseX|x86.Build.0 = Release|Win32
	EndGlobalSection
	GlobalSection(SolutionProperties) = preSolution
		HideSolutionNode = FALSE
	EndGlobalSection
	GlobalSection(ExtensibilityGlobals) = postSolution
		SolutionGuid = {02ED552A-1A6C-4A59-B4DE-3276F7FCFB83}
	EndGlobalSection
	GlobalSection(SharedMSBuildProjectFiles) = preSolution
		WindowBase_Shared\WindowBase_Shared.vcxitems*{0dfc14e0-7f44-4728-833e-ac0fb4a8d885}*SharedItemsImports = 4
		WindowBase_Shared\WindowBase_Shared.vcxitems*{252c32d2-e5e6-45d2-994c-43e7f138156b}*SharedItemsImports = 4
		WindowBase_Shared\WindowBase_Shared.vcxitems*{2a25e347-49be-4fee-ae12-eb0fc43e2994}*SharedItemsImports = 4
		WindowBase_Shared\WindowBase_Shared.vcxitems*{2c51aa12-bfc6-40c6-88c3-5c882f3f7590}*SharedItemsImports = 9
	EndGlobalSection
EndGlobal
